
Microsoft Visual Studio Solution File, Format Version 12.00
# Visual Studio 14
VisualStudioVersion = 14.0.25420.1
MinimumVisualStudioVersion = 10.0.40219.1
Project("{FAE04EC0-301F-11D3-BF4B-00C04F79EFBC}") = "WeatherApp.Droid", "WeatherApp\WeatherApp.Droid\WeatherApp.Droid.csproj", "{B503120B-34E5-45C3-BF75-EC7027A1E747}"
EndProject
Project("{FAE04EC0-301F-11D3-BF4B-00C04F79EFBC}") = "WeatherApp.iOS", "WeatherApp\WeatherApp.iOS\WeatherApp.iOS.csproj", "{5315C286-CBF9-4AE4-B176-DC1DE149190B}"
EndProject
Project("{FAE04EC0-301F-11D3-BF4B-00C04F79EFBC}") = "WeatherApp.WinPhone", "WeatherApp\WeatherApp.WinPhone\WeatherApp.WinPhone.csproj", "{CCC647E5-E52D-4736-882C-A378711A4089}"
EndProject
Project("{FAE04EC0-301F-11D3-BF4B-00C04F79EFBC}") = "WeatherApp", "WeatherApp\WeatherApp\WeatherApp.csproj", "{774627E5-DBC8-4A15-8CEE-00F10F83CC08}"
EndProject
Global
	GlobalSection(SolutionConfigurationPlatforms) = preSolution
		Debug|Any CPU = Debug|Any CPU
		Debug|ARM = Debug|ARM
		Debug|iPhone = Debug|iPhone
		Debug|iPhoneSimulator = Debug|iPhoneSimulator
		Debug|x86 = Debug|x86
		Release|Any CPU = Release|Any CPU
		Release|ARM = Release|ARM
		Release|iPhone = Release|iPhone
		Release|iPhoneSimulator = Release|iPhoneSimulator
		Release|x86 = Release|x86
	EndGlobalSection
	GlobalSection(ProjectConfigurationPlatforms) = postSolution
		{B503120B-34E5-45C3-BF75-EC7027A1E747}.Debug|Any CPU.ActiveCfg = Debug|Any CPU
		{B503120B-34E5-45C3-BF75-EC7027A1E747}.Debug|Any CPU.Build.0 = Debug|Any CPU
		{B503120B-34E5-45C3-BF75-EC7027A1E747}.Debug|Any CPU.Deploy.0 = Debug|Any CPU
		{B503120B-34E5-45C3-BF75-EC7027A1E747}.Debug|ARM.ActiveCfg = Debug|Any CPU
		{B503120B-34E5-45C3-BF75-EC7027A1E747}.Debug|ARM.Build.0 = Debug|Any CPU
		{B503120B-34E5-45C3-BF75-EC7027A1E747}.Debug|ARM.Deploy.0 = Debug|Any CPU
		{B503120B-34E5-45C3-BF75-EC7027A1E747}.Debug|iPhone.ActiveCfg = Debug|Any CPU
		{B503120B-34E5-45C3-BF75-EC7027A1E747}.Debug|iPhone.Build.0 = Debug|Any CPU
		{B503120B-34E5-45C3-BF75-EC7027A1E747}.Debug|iPhone.Deploy.0 = Debug|Any CPU
		{B503120B-34E5-45C3-BF75-EC7027A1E747}.Debug|iPhoneSimulator.ActiveCfg = Debug|Any CPU
		{B503120B-34E5-45C3-BF75-EC7027A1E747}.Debug|iPhoneSimulator.Build.0 = Debug|Any CPU
		{B503120B-34E5-45C3-BF75-EC7027A1E747}.Debug|iPhoneSimulator.Deploy.0 = Debug|Any CPU
		{B503120B-34E5-45C3-BF75-EC7027A1E747}.Debug|x86.ActiveCfg = Debug|Any CPU
		{B503120B-34E5-45C3-BF75-EC7027A1E747}.Debug|x86.Build.0 = Debug|Any CPU
		{B503120B-34E5-45C3-BF75-EC7027A1E747}.Debug|x86.Deploy.0 = Debug|Any CPU
		{B503120B-34E5-45C3-BF75-EC7027A1E747}.Release|Any CPU.ActiveCfg = Release|Any CPU
		{B503120B-34E5-45C3-BF75-EC7027A1E747}.Release|Any CPU.Build.0 = Release|Any CPU
		{B503120B-34E5-45C3-BF75-EC7027A1E747}.Release|Any CPU.Deploy.0 = Release|Any CPU
		{B503120B-34E5-45C3-BF75-EC7027A1E747}.Release|ARM.ActiveCfg = Release|Any CPU
		{B503120B-34E5-45C3-BF75-EC7027A1E747}.Release|ARM.Build.0 = Release|Any CPU
		{B503120B-34E5-45C3-BF75-EC7027A1E747}.Release|ARM.Deploy.0 = Release|Any CPU
		{B503120B-34E5-45C3-BF75-EC7027A1E747}.Release|iPhone.ActiveCfg = Release|Any CPU
		{B503120B-34E5-45C3-BF75-EC7027A1E747}.Release|iPhone.Build.0 = Release|Any CPU
		{B503120B-34E5-45C3-BF75-EC7027A1E747}.Release|iPhone.Deploy.0 = Release|Any CPU
		{B503120B-34E5-45C3-BF75-EC7027A1E747}.Release|iPhoneSimulator.ActiveCfg = Release|Any CPU
		{B503120B-34E5-45C3-BF75-EC7027A1E747}.Release|iPhoneSimulator.Build.0 = Release|Any CPU
		{B503120B-34E5-45C3-BF75-EC7027A1E747}.Release|iPhoneSimulator.Deploy.0 = Release|Any CPU
		{B503120B-34E5-45C3-BF75-EC7027A1E747}.Release|x86.ActiveCfg = Release|Any CPU
		{B503120B-34E5-45C3-BF75-EC7027A1E747}.Release|x86.Build.0 = Release|Any CPU
		{B503120B-34E5-45C3-BF75-EC7027A1E747}.Release|x86.Deploy.0 = Release|Any CPU
		{5315C286-CBF9-4AE4-B176-DC1DE149190B}.Debug|Any CPU.ActiveCfg = Debug|iPhone
		{5315C286-CBF9-4AE4-B176-DC1DE149190B}.Debug|ARM.ActiveCfg = Debug|iPhone
		{5315C286-CBF9-4AE4-B176-DC1DE149190B}.Debug|iPhone.ActiveCfg = Debug|iPhone
		{5315C286-CBF9-4AE4-B176-DC1DE149190B}.Debug|iPhone.Build.0 = Debug|iPhone
		{5315C286-CBF9-4AE4-B176-DC1DE149190B}.Debug|iPhoneSimulator.ActiveCfg = Debug|iPhoneSimulator
		{5315C286-CBF9-4AE4-B176-DC1DE149190B}.Debug|iPhoneSimulator.Build.0 = Debug|iPhoneSimulator
		{5315C286-CBF9-4AE4-B176-DC1DE149190B}.Debug|x86.ActiveCfg = Debug|iPhone
		{5315C286-CBF9-4AE4-B176-DC1DE149190B}.Release|Any CPU.ActiveCfg = Release|iPhone
		{5315C286-CBF9-4AE4-B176-DC1DE149190B}.Release|ARM.ActiveCfg = Release|iPhone
		{5315C286-CBF9-4AE4-B176-DC1DE149190B}.Release|iPhone.ActiveCfg = Release|iPhone
		{5315C286-CBF9-4AE4-B176-DC1DE149190B}.Release|iPhone.Build.0 = Release|iPhone
		{5315C286-CBF9-4AE4-B176-DC1DE149190B}.Release|iPhoneSimulator.ActiveCfg = Release|iPhoneSimulator
		{5315C286-CBF9-4AE4-B176-DC1DE149190B}.Release|iPhoneSimulator.Build.0 = Release|iPhoneSimulator
		{5315C286-CBF9-4AE4-B176-DC1DE149190B}.Release|x86.ActiveCfg = Release|iPhone
		{CCC647E5-E52D-4736-882C-A378711A4089}.Debug|Any CPU.ActiveCfg = Debug|Any CPU
		{CCC647E5-E52D-4736-882C-A378711A4089}.Debug|Any CPU.Build.0 = Debug|Any CPU
		{CCC647E5-E52D-4736-882C-A378711A4089}.Debug|Any CPU.Deploy.0 = Debug|Any CPU
		{CCC647E5-E52D-4736-882C-A378711A4089}.Debug|ARM.ActiveCfg = Debug|ARM
		{CCC647E5-E52D-4736-882C-A378711A4089}.Debug|ARM.Build.0 = Debug|ARM
		{CCC647E5-E52D-4736-882C-A378711A4089}.Debug|ARM.Deploy.0 = Debug|ARM
		{CCC647E5-E52D-4736-882C-A378711A4089}.Debug|iPhone.ActiveCfg = Debug|Any CPU
		{CCC647E5-E52D-4736-882C-A378711A4089}.Debug|iPhone.Build.0 = Debug|Any CPU
		{CCC647E5-E52D-4736-882C-A378711A4089}.Debug|iPhone.Deploy.0 = Debug|Any CPU
		{CCC647E5-E52D-4736-882C-A378711A4089}.Debug|iPhoneSimulator.ActiveCfg = Debug|Any CPU
		{CCC647E5-E52D-4736-882C-A378711A4089}.Debug|iPhoneSimulator.Build.0 = Debug|Any CPU
		{CCC647E5-E52D-4736-882C-A378711A4089}.Debug|iPhoneSimulator.Deploy.0 = Debug|Any CPU
		{CCC647E5-E52D-4736-882C-A378711A4089}.Debug|x86.ActiveCfg = Debug|x86
		{CCC647E5-E52D-4736-882C-A378711A4089}.Debug|x86.Build.0 = Debug|x86
		{CCC647E5-E52D-4736-882C-A378711A4089}.Debug|x86.Deploy.0 = Debug|x86
		{CCC647E5-E52D-4736-882C-A378711A4089}.Release|Any CPU.ActiveCfg = Release|Any CPU
		{CCC647E5-E52D-4736-882C-A378711A4089}.Release|Any CPU.Build.0 = Release|Any CPU
		{CCC647E5-E52D-4736-882C-A378711A4089}.Release|Any CPU.Deploy.0 = Release|Any CPU
		{CCC647E5-E52D-4736-882C-A378711A4089}.Release|ARM.ActiveCfg = Release|ARM
		{CCC647E5-E52D-4736-882C-A378711A4089}.Release|ARM.Build.0 = Release|ARM
		{CCC647E5-E52D-4736-882C-A378711A4089}.Release|ARM.Deploy.0 = Release|ARM
		{CCC647E5-E52D-4736-882C-A378711A4089}.Release|iPhone.ActiveCfg = Release|Any CPU
		{CCC647E5-E52D-4736-882C-A378711A4089}.Release|iPhone.Build.0 = Release|Any CPU
		{CCC647E5-E52D-4736-882C-A378711A4089}.Release|iPhone.Deploy.0 = Release|Any CPU
		{CCC647E5-E52D-4736-882C-A378711A4089}.Release|iPhoneSimulator.ActiveCfg = Release|Any CPU
		{CCC647E5-E52D-4736-882C-A378711A4089}.Release|iPhoneSimulator.Build.0 = Release|Any CPU
		{CCC647E5-E52D-4736-882C-A378711A4089}.Release|iPhoneSimulator.Deploy.0 = Release|Any CPU
		{CCC647E5-E52D-4736-882C-A378711A4089}.Release|x86.ActiveCfg = Release|x86
		{CCC647E5-E52D-4736-882C-A378711A4089}.Release|x86.Build.0 = Release|x86
		{CCC647E5-E52D-4736-882C-A378711A4089}.Release|x86.Deploy.0 = Release|x86
		{774627E5-DBC8-4A15-8CEE-00F10F83CC08}.Debug|Any CPU.ActiveCfg = Debug|Any CPU
		{774627E5-DBC8-4A15-8CEE-00F10F83CC08}.Debug|Any CPU.Build.0 = Debug|Any CPU
		{774627E5-DBC8-4A15-8CEE-00F10F83CC08}.Debug|ARM.ActiveCfg = Debug|Any CPU
		{774627E5-DBC8-4A15-8CEE-00F10F83CC08}.Debug|ARM.Build.0 = Debug|Any CPU
		{774627E5-DBC8-4A15-8CEE-00F10F83CC08}.Debug|iPhone.ActiveCfg = Debug|Any CPU
		{774627E5-DBC8-4A15-8CEE-00F10F83CC08}.Debug|iPhone.Build.0 = Debug|Any CPU
		{774627E5-DBC8-4A15-8CEE-00F10F83CC08}.Debug|iPhoneSimulator.ActiveCfg = Debug|Any CPU
		{774627E5-DBC8-4A15-8CEE-00F10F83CC08}.Debug|iPhoneSimulator.Build.0 = Debug|Any CPU
		{774627E5-DBC8-4A15-8CEE-00F10F83CC08}.Debug|x86.ActiveCfg = Debug|Any CPU
		{774627E5-DBC8-4A15-8CEE-00F10F83CC08}.Debug|x86.Build.0 = Debug|Any CPU
		{774627E5-DBC8-4A15-8CEE-00F10F83CC08}.Release|Any CPU.ActiveCfg = Release|Any CPU
		{774627E5-DBC8-4A15-8CEE-00F10F83CC08}.Release|Any CPU.Build.0 = Release|Any CPU
		{774627E5-DBC8-4A15-8CEE-00F10F83CC08}.Release|ARM.ActiveCfg = Release|Any CPU
		{774627E5-DBC8-4A15-8CEE-00F10F83CC08}.Release|ARM.Build.0 = Release|Any CPU
		{774627E5-DBC8-4A15-8CEE-00F10F83CC08}.Release|iPhone.ActiveCfg = Release|Any CPU
		{774627E5-DBC8-4A15-8CEE-00F10F83CC08}.Release|iPhone.Build.0 = Release|Any CPU
		{774627E5-DBC8-4A15-8CEE-00F10F83CC08}.Release|iPhoneSimulator.ActiveCfg = Release|Any CPU
		{774627E5-DBC8-4A15-8CEE-00F10F83CC08}.Release|iPhoneSimulator.Build.0 = Release|Any CPU
		{774627E5-DBC8-4A15-8CEE-00F10F83CC08}.Release|x86.ActiveCfg = Release|Any CPU
		{774627E5-DBC8-4A15-8CEE-00F10F83CC08}.Release|x86.Build.0 = Release|Any CPU
	EndGlobalSection
	GlobalSection(SolutionProperties) = preSolution
		HideSolutionNode = FALSE
	EndGlobalSection
EndGlobal
