
Microsoft Visual Studio Solution File, Format Version 12.00
# Visual Studio 14
VisualStudioVersion = 14.0.25420.1
MinimumVisualStudioVersion = 10.0.40219.1
Project("{FAE04EC0-301F-11D3-BF4B-00C04F79EFBC}") = "WPF_Tester", "WPF_Tester\WPF_Tester.csproj", "{0AA54DEA-A847-4EC2-A03D-8BA450BF261E}"
EndProject
Global
	GlobalSection(SolutionConfigurationPlatforms) = preSolution
		Debug|Any CPU = Debug|Any CPU
		Release|Any CPU = Release|Any CPU
	EndGlobalSection
	GlobalSection(ProjectConfigurationPlatforms) = postSolution
		{0AA54DEA-A847-4EC2-A03D-8BA450BF261E}.Debug|Any CPU.ActiveCfg = Debug|Any CPU
		{0AA54DEA-A847-4EC2-A03D-8BA450BF261E}.Debug|Any CPU.Build.0 = Debug|Any CPU
		{0AA54DEA-A847-4EC2-A03D-8BA450BF261E}.Release|Any CPU.ActiveCfg = Release|Any CPU
		{0AA54DEA-A847-4EC2-A03D-8BA450BF261E}.Release|Any CPU.Build.0 = Release|Any CPU
	EndGlobalSection
	GlobalSection(SolutionProperties) = preSolution
		HideSolutionNode = FALSE
	EndGlobalSection
EndGlobal
